
Microsoft Visual Studio Solution File, Format Version 12.00
# Visual Studio Version 17
VisualStudioVersion = 17.9.34607.119
MinimumVisualStudioVersion = 10.0.40219.1
Project("{8BC9CEB8-8B4A-11D0-8D11-00A0C91BC942}") = "Week 2 - Move and Copy Semantics", "Week 2 - Move and Copy Semantics\Week 2 - Move and Copy Semantics.vcxproj", "{EF9F028F-DD35-4CE0-AACB-7755DD59D55A}"
EndProject
Project("{8BC9CEB8-8B4A-11D0-8D11-00A0C91BC942}") = "Week 1 - Across Translation Units", "Week 1 - Across Translation Units\Week 1 - Across Translation Units.vcxproj", "{E5F691BC-9DC9-4419-9173-6BA32791131E}"
EndProject
Project("{8BC9CEB8-8B4A-11D0-8D11-00A0C91BC942}") = "Workshop 1 - Dictionary", "Workshop 1 - Dictionary\Workshop 1 - Dictionary.vcxproj", "{0E07D65C-39AB-4913-B9C3-63FB22ECE2B9}"
EndProject
Project("{8BC9CEB8-8B4A-11D0-8D11-00A0C91BC942}") = "Week 4 - Type Relations. A Shopping Cart for Toys", "Week 4 - Type Relations. A Shopping Cart for Toys\Week 4 - Type Relations. A Shopping Cart for Toys.vcxproj", "{868C52AA-569C-4112-BFBD-D317108AF66D}"
EndProject
Project("{8BC9CEB8-8B4A-11D0-8D11-00A0C91BC942}") = "Workshop 2 - RPG Game", "Workshop 2 - RPG Game\Workshop 2 - RPG Game.vcxproj", "{F5935E51-5DEE-401E-A866-C73B45815E98}"
EndProject
Project("{8BC9CEB8-8B4A-11D0-8D11-00A0C91BC942}") = "Week 5 - Functions and Error Handling. A Mailing System", "Week 5 - Functions and Error Handling. A Mailing System\Week 5 - Functions and Error Handling. A Mailing System.vcxproj", "{44DDF320-DC18-414E-A865-54282A875490}"
EndProject
Project("{8BC9CEB8-8B4A-11D0-8D11-00A0C91BC942}") = "Midterm", "Midterm\Midterm.vcxproj", "{745EEC4D-2630-48D1-AD21-D48595B60DC5}"
EndProject
Project("{8BC9CEB8-8B4A-11D0-8D11-00A0C91BC942}") = "Week 6 - STL Containers. A Filesystem Simulation", "Week 6 - STL Containers. A Filesystem Simulation\Week 6 - STL Containers. A Filesystem Simulation.vcxproj", "{99654CE0-6207-49E4-B721-C107D47B181B}"
EndProject
Project("{8BC9CEB8-8B4A-11D0-8D11-00A0C91BC942}") = "vector example", "vector example\vector example.vcxproj", "{83BE3CA8-F205-48D6-B24D-3F3337D5B102}"
EndProject
Project("{8BC9CEB8-8B4A-11D0-8D11-00A0C91BC942}") = "Project1", "Project1\Project1.vcxproj", "{462B9994-7E14-402E-9842-3361D3007C6E}"
EndProject
Project("{8BC9CEB8-8B4A-11D0-8D11-00A0C91BC942}") = "Algorithms Example", "Algorithms Example\Algorithms Example.vcxproj", "{EDDE383B-42B0-472A-8CC5-5332430B7129}"
EndProject
Project("{8BC9CEB8-8B4A-11D0-8D11-00A0C91BC942}") = "Week 8 - STL Algorithms. A Collection of Songs", "Week 8 - STL Algorithms. A Collection of Songs\Week 8 - STL Algorithms. A Collection of Songs.vcxproj", "{13307D7D-4FBB-4027-82ED-0301554C72AA}"
EndProject
Project("{8BC9CEB8-8B4A-11D0-8D11-00A0C91BC942}") = "Workshop 3 - Multimedia Management Application", "Workshop 3 - Multimedia Management Application\Workshop 3 - Multimedia Management Application.vcxproj", "{AB5C00AC-C7D4-46AD-B367-C1BBE213AED1}"
EndProject
Project("{8BC9CEB8-8B4A-11D0-8D11-00A0C91BC942}") = "pointer example", "pointer example\pointer example.vcxproj", "{CAF7A1FB-63DE-4B7D-B72B-849BBFA1EB42}"
EndProject
Project("{8BC9CEB8-8B4A-11D0-8D11-00A0C91BC942}") = "Week 9 - Smart Pointers. An Encrypted Database", "Week9 - Smart Pointers. An Encrypted Database\Week9 - Smart Pointers. An Encrypted Database.vcxproj", "{D7EA117A-BFE8-4BE5-9A7D-F225DE0A1023}"
EndProject
Project("{8BC9CEB8-8B4A-11D0-8D11-00A0C91BC942}") = "Week 10 - Multi-Threading. Compute Statistics", "Week 10 - Multi-Threading. Compute Statistics\Week 10 - Multi-Threading. Compute Statistics.vcxproj", "{62415455-1C3B-4EBC-BE11-740EDB3A1EAD}"
EndProject
Project("{8BC9CEB8-8B4A-11D0-8D11-00A0C91BC942}") = "Workshop 4 - Factory Assembly Line", "Workshop 4 - Factory Assembly Line\Workshop 4 - Factory Assembly Line.vcxproj", "{769DD47D-318D-4BCC-8637-3D4989C602E4}"
EndProject
Global
	GlobalSection(SolutionConfigurationPlatforms) = preSolution
		Debug|x64 = Debug|x64
		Debug|x86 = Debug|x86
		Release|x64 = Release|x64
		Release|x86 = Release|x86
	EndGlobalSection
	GlobalSection(ProjectConfigurationPlatforms) = postSolution
		{EF9F028F-DD35-4CE0-AACB-7755DD59D55A}.Debug|x64.ActiveCfg = Debug|x64
		{EF9F028F-DD35-4CE0-AACB-7755DD59D55A}.Debug|x64.Build.0 = Debug|x64
		{EF9F028F-DD35-4CE0-AACB-7755DD59D55A}.Debug|x86.ActiveCfg = Debug|Win32
		{EF9F028F-DD35-4CE0-AACB-7755DD59D55A}.Debug|x86.Build.0 = Debug|Win32
		{EF9F028F-DD35-4CE0-AACB-7755DD59D55A}.Release|x64.ActiveCfg = Release|x64
		{EF9F028F-DD35-4CE0-AACB-7755DD59D55A}.Release|x64.Build.0 = Release|x64
		{EF9F028F-DD35-4CE0-AACB-7755DD59D55A}.Release|x86.ActiveCfg = Release|Win32
		{EF9F028F-DD35-4CE0-AACB-7755DD59D55A}.Release|x86.Build.0 = Release|Win32
		{E5F691BC-9DC9-4419-9173-6BA32791131E}.Debug|x64.ActiveCfg = Debug|x64
		{E5F691BC-9DC9-4419-9173-6BA32791131E}.Debug|x64.Build.0 = Debug|x64
		{E5F691BC-9DC9-4419-9173-6BA32791131E}.Debug|x86.ActiveCfg = Debug|Win32
		{E5F691BC-9DC9-4419-9173-6BA32791131E}.Debug|x86.Build.0 = Debug|Win32
		{E5F691BC-9DC9-4419-9173-6BA32791131E}.Release|x64.ActiveCfg = Release|x64
		{E5F691BC-9DC9-4419-9173-6BA32791131E}.Release|x64.Build.0 = Release|x64
		{E5F691BC-9DC9-4419-9173-6BA32791131E}.Release|x86.ActiveCfg = Release|Win32
		{E5F691BC-9DC9-4419-9173-6BA32791131E}.Release|x86.Build.0 = Release|Win32
		{0E07D65C-39AB-4913-B9C3-63FB22ECE2B9}.Debug|x64.ActiveCfg = Debug|x64
		{0E07D65C-39AB-4913-B9C3-63FB22ECE2B9}.Debug|x64.Build.0 = Debug|x64
		{0E07D65C-39AB-4913-B9C3-63FB22ECE2B9}.Debug|x86.ActiveCfg = Debug|Win32
		{0E07D65C-39AB-4913-B9C3-63FB22ECE2B9}.Debug|x86.Build.0 = Debug|Win32
		{0E07D65C-39AB-4913-B9C3-63FB22ECE2B9}.Release|x64.ActiveCfg = Release|x64
		{0E07D65C-39AB-4913-B9C3-63FB22ECE2B9}.Release|x64.Build.0 = Release|x64
		{0E07D65C-39AB-4913-B9C3-63FB22ECE2B9}.Release|x86.ActiveCfg = Release|Win32
		{0E07D65C-39AB-4913-B9C3-63FB22ECE2B9}.Release|x86.Build.0 = Release|Win32
		{868C52AA-569C-4112-BFBD-D317108AF66D}.Debug|x64.ActiveCfg = Debug|x64
		{868C52AA-569C-4112-BFBD-D317108AF66D}.Debug|x64.Build.0 = Debug|x64
		{868C52AA-569C-4112-BFBD-D317108AF66D}.Debug|x86.ActiveCfg = Debug|Win32
		{868C52AA-569C-4112-BFBD-D317108AF66D}.Debug|x86.Build.0 = Debug|Win32
		{868C52AA-569C-4112-BFBD-D317108AF66D}.Release|x64.ActiveCfg = Release|x64
		{868C52AA-569C-4112-BFBD-D317108AF66D}.Release|x64.Build.0 = Release|x64
		{868C52AA-569C-4112-BFBD-D317108AF66D}.Release|x86.ActiveCfg = Release|Win32
		{868C52AA-569C-4112-BFBD-D317108AF66D}.Release|x86.Build.0 = Release|Win32
		{F5935E51-5DEE-401E-A866-C73B45815E98}.Debug|x64.ActiveCfg = Debug|x64
		{F5935E51-5DEE-401E-A866-C73B45815E98}.Debug|x64.Build.0 = Debug|x64
		{F5935E51-5DEE-401E-A866-C73B45815E98}.Debug|x86.ActiveCfg = Debug|Win32
		{F5935E51-5DEE-401E-A866-C73B45815E98}.Debug|x86.Build.0 = Debug|Win32
		{F5935E51-5DEE-401E-A866-C73B45815E98}.Release|x64.ActiveCfg = Release|x64
		{F5935E51-5DEE-401E-A866-C73B45815E98}.Release|x64.Build.0 = Release|x64
		{F5935E51-5DEE-401E-A866-C73B45815E98}.Release|x86.ActiveCfg = Release|Win32
		{F5935E51-5DEE-401E-A866-C73B45815E98}.Release|x86.Build.0 = Release|Win32
		{44DDF320-DC18-414E-A865-54282A875490}.Debug|x64.ActiveCfg = Debug|x64
		{44DDF320-DC18-414E-A865-54282A875490}.Debug|x64.Build.0 = Debug|x64
		{44DDF320-DC18-414E-A865-54282A875490}.Debug|x86.ActiveCfg = Debug|Win32
		{44DDF320-DC18-414E-A865-54282A875490}.Debug|x86.Build.0 = Debug|Win32
		{44DDF320-DC18-414E-A865-54282A875490}.Release|x64.ActiveCfg = Release|x64
		{44DDF320-DC18-414E-A865-54282A875490}.Release|x64.Build.0 = Release|x64
		{44DDF320-DC18-414E-A865-54282A875490}.Release|x86.ActiveCfg = Release|Win32
		{44DDF320-DC18-414E-A865-54282A875490}.Release|x86.Build.0 = Release|Win32
		{745EEC4D-2630-48D1-AD21-D48595B60DC5}.Debug|x64.ActiveCfg = Debug|x64
		{745EEC4D-2630-48D1-AD21-D48595B60DC5}.Debug|x64.Build.0 = Debug|x64
		{745EEC4D-2630-48D1-AD21-D48595B60DC5}.Debug|x86.ActiveCfg = Debug|Win32
		{745EEC4D-2630-48D1-AD21-D48595B60DC5}.Debug|x86.Build.0 = Debug|Win32
		{745EEC4D-2630-48D1-AD21-D48595B60DC5}.Release|x64.ActiveCfg = Release|x64
		{745EEC4D-2630-48D1-AD21-D48595B60DC5}.Release|x64.Build.0 = Release|x64
		{745EEC4D-2630-48D1-AD21-D48595B60DC5}.Release|x86.ActiveCfg = Release|Win32
		{745EEC4D-2630-48D1-AD21-D48595B60DC5}.Release|x86.Build.0 = Release|Win32
		{99654CE0-6207-49E4-B721-C107D47B181B}.Debug|x64.ActiveCfg = Debug|x64
		{99654CE0-6207-49E4-B721-C107D47B181B}.Debug|x64.Build.0 = Debug|x64
		{99654CE0-6207-49E4-B721-C107D47B181B}.Debug|x86.ActiveCfg = Debug|Win32
		{99654CE0-6207-49E4-B721-C107D47B181B}.Debug|x86.Build.0 = Debug|Win32
		{99654CE0-6207-49E4-B721-C107D47B181B}.Release|x64.ActiveCfg = Release|x64
		{99654CE0-6207-49E4-B721-C107D47B181B}.Release|x64.Build.0 = Release|x64
		{99654CE0-6207-49E4-B721-C107D47B181B}.Release|x86.ActiveCfg = Release|Win32
		{99654CE0-6207-49E4-B721-C107D47B181B}.Release|x86.Build.0 = Release|Win32
		{83BE3CA8-F205-48D6-B24D-3F3337D5B102}.Debug|x64.ActiveCfg = Debug|x64
		{83BE3CA8-F205-48D6-B24D-3F3337D5B102}.Debug|x64.Build.0 = Debug|x64
		{83BE3CA8-F205-48D6-B24D-3F3337D5B102}.Debug|x86.ActiveCfg = Debug|Win32
		{83BE3CA8-F205-48D6-B24D-3F3337D5B102}.Debug|x86.Build.0 = Debug|Win32
		{83BE3CA8-F205-48D6-B24D-3F3337D5B102}.Release|x64.ActiveCfg = Release|x64
		{83BE3CA8-F205-48D6-B24D-3F3337D5B102}.Release|x64.Build.0 = Release|x64
		{83BE3CA8-F205-48D6-B24D-3F3337D5B102}.Release|x86.ActiveCfg = Release|Win32
		{83BE3CA8-F205-48D6-B24D-3F3337D5B102}.Release|x86.Build.0 = Release|Win32
		{462B9994-7E14-402E-9842-3361D3007C6E}.Debug|x64.ActiveCfg = Debug|x64
		{462B9994-7E14-402E-9842-3361D3007C6E}.Debug|x64.Build.0 = Debug|x64
		{462B9994-7E14-402E-9842-3361D3007C6E}.Debug|x86.ActiveCfg = Debug|Win32
		{462B9994-7E14-402E-9842-3361D3007C6E}.Debug|x86.Build.0 = Debug|Win32
		{462B9994-7E14-402E-9842-3361D3007C6E}.Release|x64.ActiveCfg = Release|x64
		{462B9994-7E14-402E-9842-3361D3007C6E}.Release|x64.Build.0 = Release|x64
		{462B9994-7E14-402E-9842-3361D3007C6E}.Release|x86.ActiveCfg = Release|Win32
		{462B9994-7E14-402E-9842-3361D3007C6E}.Release|x86.Build.0 = Release|Win32
		{EDDE383B-42B0-472A-8CC5-5332430B7129}.Debug|x64.ActiveCfg = Debug|x64
		{EDDE383B-42B0-472A-8CC5-5332430B7129}.Debug|x64.Build.0 = Debug|x64
		{EDDE383B-42B0-472A-8CC5-5332430B7129}.Debug|x86.ActiveCfg = Debug|Win32
		{EDDE383B-42B0-472A-8CC5-5332430B7129}.Debug|x86.Build.0 = Debug|Win32
		{EDDE383B-42B0-472A-8CC5-5332430B7129}.Release|x64.ActiveCfg = Release|x64
		{EDDE383B-42B0-472A-8CC5-5332430B7129}.Release|x64.Build.0 = Release|x64
		{EDDE383B-42B0-472A-8CC5-5332430B7129}.Release|x86.ActiveCfg = Release|Win32
		{EDDE383B-42B0-472A-8CC5-5332430B7129}.Release|x86.Build.0 = Release|Win32
		{13307D7D-4FBB-4027-82ED-0301554C72AA}.Debug|x64.ActiveCfg = Debug|x64
		{13307D7D-4FBB-4027-82ED-0301554C72AA}.Debug|x64.Build.0 = Debug|x64
		{13307D7D-4FBB-4027-82ED-0301554C72AA}.Debug|x86.ActiveCfg = Debug|Win32
		{13307D7D-4FBB-4027-82ED-0301554C72AA}.Debug|x86.Build.0 = Debug|Win32
		{13307D7D-4FBB-4027-82ED-0301554C72AA}.Release|x64.ActiveCfg = Release|x64
		{13307D7D-4FBB-4027-82ED-0301554C72AA}.Release|x64.Build.0 = Release|x64
		{13307D7D-4FBB-4027-82ED-0301554C72AA}.Release|x86.ActiveCfg = Release|Win32
		{13307D7D-4FBB-4027-82ED-0301554C72AA}.Release|x86.Build.0 = Release|Win32
		{AB5C00AC-C7D4-46AD-B367-C1BBE213AED1}.Debug|x64.ActiveCfg = Debug|x64
		{AB5C00AC-C7D4-46AD-B367-C1BBE213AED1}.Debug|x64.Build.0 = Debug|x64
		{AB5C00AC-C7D4-46AD-B367-C1BBE213AED1}.Debug|x86.ActiveCfg = Debug|Win32
		{AB5C00AC-C7D4-46AD-B367-C1BBE213AED1}.Debug|x86.Build.0 = Debug|Win32
		{AB5C00AC-C7D4-46AD-B367-C1BBE213AED1}.Release|x64.ActiveCfg = Release|x64
		{AB5C00AC-C7D4-46AD-B367-C1BBE213AED1}.Release|x64.Build.0 = Release|x64
		{AB5C00AC-C7D4-46AD-B367-C1BBE213AED1}.Release|x86.ActiveCfg = Release|Win32
		{AB5C00AC-C7D4-46AD-B367-C1BBE213AED1}.Release|x86.Build.0 = Release|Win32
		{CAF7A1FB-63DE-4B7D-B72B-849BBFA1EB42}.Debug|x64.ActiveCfg = Debug|x64
		{CAF7A1FB-63DE-4B7D-B72B-849BBFA1EB42}.Debug|x64.Build.0 = Debug|x64
		{CAF7A1FB-63DE-4B7D-B72B-849BBFA1EB42}.Debug|x86.ActiveCfg = Debug|Win32
		{CAF7A1FB-63DE-4B7D-B72B-849BBFA1EB42}.Debug|x86.Build.0 = Debug|Win32
		{CAF7A1FB-63DE-4B7D-B72B-849BBFA1EB42}.Release|x64.ActiveCfg = Release|x64
		{CAF7A1FB-63DE-4B7D-B72B-849BBFA1EB42}.Release|x64.Build.0 = Release|x64
		{CAF7A1FB-63DE-4B7D-B72B-849BBFA1EB42}.Release|x86.ActiveCfg = Release|Win32
		{CAF7A1FB-63DE-4B7D-B72B-849BBFA1EB42}.Release|x86.Build.0 = Release|Win32
		{D7EA117A-BFE8-4BE5-9A7D-F225DE0A1023}.Debug|x64.ActiveCfg = Debug|x64
		{D7EA117A-BFE8-4BE5-9A7D-F225DE0A1023}.Debug|x64.Build.0 = Debug|x64
		{D7EA117A-BFE8-4BE5-9A7D-F225DE0A1023}.Debug|x86.ActiveCfg = Debug|Win32
		{D7EA117A-BFE8-4BE5-9A7D-F225DE0A1023}.Debug|x86.Build.0 = Debug|Win32
		{D7EA117A-BFE8-4BE5-9A7D-F225DE0A1023}.Release|x64.ActiveCfg = Release|x64
		{D7EA117A-BFE8-4BE5-9A7D-F225DE0A1023}.Release|x64.Build.0 = Release|x64
		{D7EA117A-BFE8-4BE5-9A7D-F225DE0A1023}.Release|x86.ActiveCfg = Release|Win32
		{D7EA117A-BFE8-4BE5-9A7D-F225DE0A1023}.Release|x86.Build.0 = Release|Win32
		{62415455-1C3B-4EBC-BE11-740EDB3A1EAD}.Debug|x64.ActiveCfg = Debug|x64
		{62415455-1C3B-4EBC-BE11-740EDB3A1EAD}.Debug|x64.Build.0 = Debug|x64
		{62415455-1C3B-4EBC-BE11-740EDB3A1EAD}.Debug|x86.ActiveCfg = Debug|Win32
		{62415455-1C3B-4EBC-BE11-740EDB3A1EAD}.Debug|x86.Build.0 = Debug|Win32
		{62415455-1C3B-4EBC-BE11-740EDB3A1EAD}.Release|x64.ActiveCfg = Release|x64
		{62415455-1C3B-4EBC-BE11-740EDB3A1EAD}.Release|x64.Build.0 = Release|x64
		{62415455-1C3B-4EBC-BE11-740EDB3A1EAD}.Release|x86.ActiveCfg = Release|Win32
		{62415455-1C3B-4EBC-BE11-740EDB3A1EAD}.Release|x86.Build.0 = Release|Win32
		{769DD47D-318D-4BCC-8637-3D4989C602E4}.Debug|x64.ActiveCfg = Debug|x64
		{769DD47D-318D-4BCC-8637-3D4989C602E4}.Debug|x64.Build.0 = Debug|x64
		{769DD47D-318D-4BCC-8637-3D4989C602E4}.Debug|x86.ActiveCfg = Debug|Win32
		{769DD47D-318D-4BCC-8637-3D4989C602E4}.Debug|x86.Build.0 = Debug|Win32
		{769DD47D-318D-4BCC-8637-3D4989C602E4}.Release|x64.ActiveCfg = Release|x64
		{769DD47D-318D-4BCC-8637-3D4989C602E4}.Release|x64.Build.0 = Release|x64
		{769DD47D-318D-4BCC-8637-3D4989C602E4}.Release|x86.ActiveCfg = Release|Win32
		{769DD47D-318D-4BCC-8637-3D4989C602E4}.Release|x86.Build.0 = Release|Win32
	EndGlobalSection
	GlobalSection(SolutionProperties) = preSolution
		HideSolutionNode = FALSE
	EndGlobalSection
	GlobalSection(ExtensibilityGlobals) = postSolution
		SolutionGuid = {8DC5E5B6-3C59-4BF1-9BA1-37A662FB0EE4}
	EndGlobalSection
EndGlobal
